
Microsoft Visual Studio Solution File, Format Version 12.00
# Visual Studio Version 17
VisualStudioVersion = 17.14.35806.103 d17.14
MinimumVisualStudioVersion = 10.0.40219.1
Project("{FAE04EC0-301F-11D3-BF4B-00C04F79EFBC}") = "HTTP-FileServer", "HTTP-FileServer.csproj", "{D259F091-A6FF-4CD5-A73E-2948ECBF1024}"
EndProject
Global
	GlobalSection(SolutionConfigurationPlatforms) = preSolution
		Debug|Any CPU = Debug|Any CPU
		Release|Any CPU = Release|Any CPU
	EndGlobalSection
	GlobalSection(ProjectConfigurationPlatforms) = postSolution
		{D259F091-A6FF-4CD5-A73E-2948ECBF1024}.Debug|Any CPU.ActiveCfg = Debug|Any CPU
		{D259F091-A6FF-4CD5-A73E-2948ECBF1024}.Debug|Any CPU.Build.0 = Debug|Any CPU
		{D259F091-A6FF-4CD5-A73E-2948ECBF1024}.Release|Any CPU.ActiveCfg = Release|Any CPU
		{D259F091-A6FF-4CD5-A73E-2948ECBF1024}.Release|Any CPU.Build.0 = Release|Any CPU
	EndGlobalSection
	GlobalSection(SolutionProperties) = preSolution
		HideSolutionNode = FALSE
	EndGlobalSection
	GlobalSection(ExtensibilityGlobals) = postSolution
		SolutionGuid = {711DF4D9-DDCB-4A48-A5B9-402E6FE02CEC}
	EndGlobalSection
EndGlobal
